# This file is automatically @generated by Cargo.
# It is not intended for manual editing.
version = 4

[[package]]
name = "texo-cli"
version = "0.1.0"
dependencies = [
 "texo-flow",
 "texo-model",
]

[[package]]
name = "texo-flow"
version = "0.1.0"
dependencies = [
 "texo-model",
 "texo-pnr",
]

[[package]]
name = "texo-model"
version = "0.1.0"

[[package]]
name = "texo-pnr"
version = "0.1.0"
dependencies = [
 "texo-model",
]
